
Microsoft Visual Studio Solution File, Format Version 12.00
# Visual Studio 14
VisualStudioVersion = 14.0.25420.1
MinimumVisualStudioVersion = 10.0.40219.1
Project("{FAE04EC0-301F-11D3-BF4B-00C04F79EFBC}") = "GameStore", "GameStore\GameStore.csproj", "{42E577E1-9556-4FDD-AE3E-E8AC0626ECD7}"
EndProject
Project("{FAE04EC0-301F-11D3-BF4B-00C04F79EFBC}") = "GameStore.DataAccess", "GameStore.DataAccess\GameStore.DataAccess.csproj", "{E6E2266C-13F6-45C3-B3EA-8CF3186800A2}"
EndProject
Project("{FAE04EC0-301F-11D3-BF4B-00C04F79EFBC}") = "GameStore.Services", "GameStore.Services\GameStore.Services.csproj", "{700CBF9B-51AA-44BF-8D5B-CEF3DD3902D6}"
EndProject
Global
	GlobalSection(SolutionConfigurationPlatforms) = preSolution
		Debug|Any CPU = Debug|Any CPU
		Release|Any CPU = Release|Any CPU
	EndGlobalSection
	GlobalSection(ProjectConfigurationPlatforms) = postSolution
		{42E577E1-9556-4FDD-AE3E-E8AC0626ECD7}.Debug|Any CPU.ActiveCfg = Debug|Any CPU
		{42E577E1-9556-4FDD-AE3E-E8AC0626ECD7}.Debug|Any CPU.Build.0 = Debug|Any CPU
		{42E577E1-9556-4FDD-AE3E-E8AC0626ECD7}.Release|Any CPU.ActiveCfg = Release|Any CPU
		{42E577E1-9556-4FDD-AE3E-E8AC0626ECD7}.Release|Any CPU.Build.0 = Release|Any CPU
		{E6E2266C-13F6-45C3-B3EA-8CF3186800A2}.Debug|Any CPU.ActiveCfg = Debug|Any CPU
		{E6E2266C-13F6-45C3-B3EA-8CF3186800A2}.Debug|Any CPU.Build.0 = Debug|Any CPU
		{E6E2266C-13F6-45C3-B3EA-8CF3186800A2}.Release|Any CPU.ActiveCfg = Release|Any CPU
		{E6E2266C-13F6-45C3-B3EA-8CF3186800A2}.Release|Any CPU.Build.0 = Release|Any CPU
		{700CBF9B-51AA-44BF-8D5B-CEF3DD3902D6}.Debug|Any CPU.ActiveCfg = Debug|Any CPU
		{700CBF9B-51AA-44BF-8D5B-CEF3DD3902D6}.Debug|Any CPU.Build.0 = Debug|Any CPU
		{700CBF9B-51AA-44BF-8D5B-CEF3DD3902D6}.Release|Any CPU.ActiveCfg = Release|Any CPU
		{700CBF9B-51AA-44BF-8D5B-CEF3DD3902D6}.Release|Any CPU.Build.0 = Release|Any CPU
	EndGlobalSection
	GlobalSection(SolutionProperties) = preSolution
		HideSolutionNode = FALSE
	EndGlobalSection
EndGlobal
